
Microsoft Visual Studio Solution File, Format Version 12.00
# Visual Studio Version 16
VisualStudioVersion = 16.0.31019.35
MinimumVisualStudioVersion = 10.0.40219.1
Project("{159641D6-6404-4A2A-AE62-294DE0FE8301}") = "TheVoices", "TheVoices\TheVoices.dtproj", "{6089858E-552E-41A4-BD95-4D514630A3E7}"
EndProject
Global
	GlobalSection(SolutionConfigurationPlatforms) = preSolution
		Development|Default = Development|Default
	EndGlobalSection
	GlobalSection(ProjectConfigurationPlatforms) = postSolution
		{6089858E-552E-41A4-BD95-4D514630A3E7}.Development|Default.ActiveCfg = Development
		{6089858E-552E-41A4-BD95-4D514630A3E7}.Development|Default.Build.0 = Development
	EndGlobalSection
	GlobalSection(SolutionProperties) = preSolution
		HideSolutionNode = FALSE
	EndGlobalSection
	GlobalSection(ExtensibilityGlobals) = postSolution
		SolutionGuid = {755C90F1-5D7C-4558-9B9F-E9D116123449}
	EndGlobalSection
EndGlobal
